PODS:
  - AudioKit (4.4.0):
    - AudioKit/Core (= 4.4.0)
    - AudioKit/UI (= 4.4.0)
  - AudioKit/Core (4.4.0)
  - AudioKit/UI (4.4.0)
  - ChameleonFramework/Default (2.1.0)
  - ChameleonFramework/Swift (2.1.0):
    - ChameleonFramework/Default
  - HGRippleRadarView (0.1.2)
  - SnapKit (4.0.1)
  - SVProgressHUD (2.2.5)
  - SwiftyXMLParser (4.2.0)
  - Timepiece (1.3.1)

DEPENDENCIES:
  - AudioKit (~> 4.0)
  - AudioKit/UI
  - ChameleonFramework/Swift (from `https://github.com/ViccAlexander/Chameleon.git`)
  - HGRippleRadarView
  - SnapKit (~> 4.0.0)
  - SVProgressHUD
  - SwiftyXMLParser (from `https://github.com/yahoojapan/SwiftyXMLParser.git`)
  - Timepiece

SPEC REPOS:
  https://github.com/cocoapods/specs.git:
    - AudioKit
    - HGRippleRadarView
    - SnapKit
    - SVProgressHUD
    - Timepiece

EXTERNAL SOURCES:
  ChameleonFramework:
    :git: https://github.com/ViccAlexander/Chameleon.git
  SwiftyXMLParser:
    :git: https://github.com/yahoojapan/SwiftyXMLParser.git

CHECKOUT OPTIONS:
  ChameleonFramework:
    :commit: 6dd284bde21ea2e7f9fd89bc36f40df16e16369d
    :git: https://github.com/ViccAlexander/Chameleon.git
  SwiftyXMLParser:
    :commit: 8d5c12d0f1109621b6a4a90a30e3ad635d7efc75
    :git: https://github.com/yahoojapan/SwiftyXMLParser.git

SPEC CHECKSUMS:
  AudioKit: 79c2b23cd00beb656938aa0b81b614391f17eaa3
  ChameleonFramework: d21a3cc247abfe5e37609a283a8238b03575cf64
  HGRippleRadarView: 5379e27634c09222ebc836671c7425ad7b257cc4
  SnapKit: 0de968a9fec17499afa29683b05d0c775b6d1c29
  SVProgressHUD: 1428aafac632c1f86f62aa4243ec12008d7a51d6
  SwiftyXMLParser: 0942fd979ab5c54658e16628156e9d32e08924c5
  Timepiece: c0760ec0e545697d86b80424dcd2b4d5ef66cf51

PODFILE CHECKSUM: 8568ae8c31e9cb7b1b645b7ff0dd265dbd12d7f5

COCOAPODS: 1.6.0.beta.1
