// !$*UTF8*$!
{
	archiveVersion = 1;
	classes = {
	};
	objectVersion = 50;
	objects = {

/* Begin PBXBuildFile section */
		1FA3647C8F029616B7FBF4C6 /* Pods_SoundsFilter.framework in Frameworks */ = {isa = PBXBuildFile; fileRef = 1B8E1C584B3FBF565A62AA90 /* Pods_SoundsFilter.framework */; };
		7C1B6A412175C36A00B0472C /* Env.swift in Sources */ = {isa = PBXBuildFile; fileRef = 7C1B6A3F2175C36A00B0472C /* Env.swift */; };
		7C1B6A422175C36A00B0472C /* ExamplesDefaults.swift in Sources */ = {isa = PBXBuildFile; fileRef = 7C1B6A402175C36A00B0472C /* ExamplesDefaults.swift */; };
		7C1B6A442175FC6300B0472C /* NoteModel.swift in Sources */ = {isa = PBXBuildFile; fileRef = 7C1B6A432175FC6300B0472C /* NoteModel.swift */; };
		7C1B6A4621787AA600B0472C /* PlayerTimer.swift in Sources */ = {isa = PBXBuildFile; fileRef = 7C1B6A4521787AA600B0472C /* PlayerTimer.swift */; };
		7C1B6CB02179D6E900B0472C /* ChordModel.swift in Sources */ = {isa = PBXBuildFile; fileRef = 7C1B6CAF2179D6E900B0472C /* ChordModel.swift */; };
		7C56D880217F92C5001A5834 /* D#m_1.mid in Resources */ = {isa = PBXBuildFile; fileRef = 7C56D837217F92C5001A5834 /* D#m_1.mid */; };
		7C56D881217F92C5001A5834 /* Dm_1.mid in Resources */ = {isa = PBXBuildFile; fileRef = 7C56D839217F92C5001A5834 /* Dm_1.mid */; };
		7C56D882217F92C5001A5834 /* Cm_1.mid in Resources */ = {isa = PBXBuildFile; fileRef = 7C56D83B217F92C5001A5834 /* Cm_1.mid */; };
		7C56D883217F92C5001A5834 /* G#m_1.mid in Resources */ = {isa = PBXBuildFile; fileRef = 7C56D83D217F92C5001A5834 /* G#m_1.mid */; };
		7C56D884217F92C5001A5834 /* C#m_1.mid in Resources */ = {isa = PBXBuildFile; fileRef = 7C56D83F217F92C5001A5834 /* C#m_1.mid */; };
		7C56D885217F92C5001A5834 /* Gm_1.mid in Resources */ = {isa = PBXBuildFile; fileRef = 7C56D841217F92C5001A5834 /* Gm_1.mid */; };
		7C56D886217F92C5001A5834 /* Bm_1.mid in Resources */ = {isa = PBXBuildFile; fileRef = 7C56D843217F92C5001A5834 /* Bm_1.mid */; };
		7C56D887217F92C5001A5834 /* F#m_1.mid in Resources */ = {isa = PBXBuildFile; fileRef = 7C56D845217F92C5001A5834 /* F#m_1.mid */; };
		7C56D888217F92C5001A5834 /* Fm_1.mid in Resources */ = {isa = PBXBuildFile; fileRef = 7C56D847217F92C5001A5834 /* Fm_1.mid */; };
		7C56D889217F92C5001A5834 /* Am_1.mid in Resources */ = {isa = PBXBuildFile; fileRef = 7C56D849217F92C5001A5834 /* Am_1.mid */; };
		7C56D88A217F92C5001A5834 /* Em_1.mid in Resources */ = {isa = PBXBuildFile; fileRef = 7C56D84B217F92C5001A5834 /* Em_1.mid */; };
		7C56D88B217F92C5001A5834 /* A#m_1.mid in Resources */ = {isa = PBXBuildFile; fileRef = 7C56D84D217F92C5001A5834 /* A#m_1.mid */; };
		7C56D88C217F92C5001A5834 /* G#_1.mid in Resources */ = {isa = PBXBuildFile; fileRef = 7C56D850217F92C5001A5834 /* G#_1.mid */; };
		7C56D88D217F92C5001A5834 /* D#_1.mid in Resources */ = {isa = PBXBuildFile; fileRef = 7C56D852217F92C5001A5834 /* D#_1.mid */; };
		7C56D88E217F92C5001A5834 /* C#_1.mid in Resources */ = {isa = PBXBuildFile; fileRef = 7C56D854217F92C5001A5834 /* C#_1.mid */; };
		7C56D88F217F92C5001A5834 /* G_1.mid in Resources */ = {isa = PBXBuildFile; fileRef = 7C56D856217F92C5001A5834 /* G_1.mid */; };
		7C56D890217F92C5001A5834 /* A_1.mid in Resources */ = {isa = PBXBuildFile; fileRef = 7C56D858217F92C5001A5834 /* A_1.mid */; };
		7C56D891217F92C5001A5834 /* F_1.mid in Resources */ = {isa = PBXBuildFile; fileRef = 7C56D85A217F92C5001A5834 /* F_1.mid */; };
		7C56D892217F92C5001A5834 /* A#_1.mid in Resources */ = {isa = PBXBuildFile; fileRef = 7C56D85C217F92C5001A5834 /* A#_1.mid */; };
		7C56D893217F92C5001A5834 /* F#_1.mid in Resources */ = {isa = PBXBuildFile; fileRef = 7C56D85E217F92C5001A5834 /* F#_1.mid */; };
		7C56D894217F92C5001A5834 /* C_1.mid in Resources */ = {isa = PBXBuildFile; fileRef = 7C56D860217F92C5001A5834 /* C_1.mid */; };
		7C56D895217F92C5001A5834 /* D_1.mid in Resources */ = {isa = PBXBuildFile; fileRef = 7C56D862217F92C5001A5834 /* D_1.mid */; };
		7C56D896217F92C5001A5834 /* E_1.mid in Resources */ = {isa = PBXBuildFile; fileRef = 7C56D864217F92C5001A5834 /* E_1.mid */; };
		7C56D897217F92C5001A5834 /* B_1.mid in Resources */ = {isa = PBXBuildFile; fileRef = 7C56D866217F92C5001A5834 /* B_1.mid */; };
		7C56D898217F92C5001A5834 /* B7_1.mid in Resources */ = {isa = PBXBuildFile; fileRef = 7C56D869217F92C5001A5834 /* B7_1.mid */; };
		7C56D899217F92C5001A5834 /* F#7_1.mid in Resources */ = {isa = PBXBuildFile; fileRef = 7C56D86B217F92C5001A5834 /* F#7_1.mid */; };
		7C56D89A217F92C5001A5834 /* F7_1.mid in Resources */ = {isa = PBXBuildFile; fileRef = 7C56D86D217F92C5001A5834 /* F7_1.mid */; };
		7C56D89B217F92C5001A5834 /* A7_1.mid in Resources */ = {isa = PBXBuildFile; fileRef = 7C56D86F217F92C5001A5834 /* A7_1.mid */; };
		7C56D89C217F92C5001A5834 /* E7_1.mid in Resources */ = {isa = PBXBuildFile; fileRef = 7C56D871217F92C5001A5834 /* E7_1.mid */; };
		7C56D89D217F92C5001A5834 /* A#7_1.mid in Resources */ = {isa = PBXBuildFile; fileRef = 7C56D873217F92C5001A5834 /* A#7_1.mid */; };
		7C56D89E217F92C5001A5834 /* D#7_1.mid in Resources */ = {isa = PBXBuildFile; fileRef = 7C56D875217F92C5001A5834 /* D#7_1.mid */; };
		7C56D89F217F92C5001A5834 /* D7_1.mid in Resources */ = {isa = PBXBuildFile; fileRef = 7C56D877217F92C5001A5834 /* D7_1.mid */; };
		7C56D8A0217F92C5001A5834 /* C7_1.mid in Resources */ = {isa = PBXBuildFile; fileRef = 7C56D879217F92C5001A5834 /* C7_1.mid */; };
		7C56D8A1217F92C5001A5834 /* G#7_1.mid in Resources */ = {isa = PBXBuildFile; fileRef = 7C56D87B217F92C5001A5834 /* G#7_1.mid */; };
		7C56D8A2217F92C5001A5834 /* C#7_1.mid in Resources */ = {isa = PBXBuildFile; fileRef = 7C56D87D217F92C5001A5834 /* C#7_1.mid */; };
		7C56D8A3217F92C5001A5834 /* G7_1.mid in Resources */ = {isa = PBXBuildFile; fileRef = 7C56D87F217F92C5001A5834 /* G7_1.mid */; };
		7C56D8A7217FACFF001A5834 /* GeneralUser.sf2 in Resources */ = {isa = PBXBuildFile; fileRef = 7C56D8A6217FACFF001A5834 /* GeneralUser.sf2 */; };
		7C56D8A9217FAD10001A5834 /* GeneralUserPiano.sf2 in Resources */ = {isa = PBXBuildFile; fileRef = 7C56D8A8217FAD10001A5834 /* GeneralUserPiano.sf2 */; };
		7CAE74CB21703B03004395A2 /* MusicConverter.swift in Sources */ = {isa = PBXBuildFile; fileRef = 7CAE74CA21703B03004395A2 /* MusicConverter.swift */; };
		7CBADEB82174A673005B2F0D /* AboutPitchFrequenc.swift in Sources */ = {isa = PBXBuildFile; fileRef = 7CBADEB72174A673005B2F0D /* AboutPitchFrequenc.swift */; };
		7CBADEBA2174C380005B2F0D /* EquationView.swift in Sources */ = {isa = PBXBuildFile; fileRef = 7CBADEB92174C380005B2F0D /* EquationView.swift */; };
		7CBADEBD2174CB44005B2F0D /* EquationVC.swift in Sources */ = {isa = PBXBuildFile; fileRef = 7CBADEBC2174CB44005B2F0D /* EquationVC.swift */; };
		7CF042B52171BECB0076D44B /* BeatRhythmTimer.swift in Sources */ = {isa = PBXBuildFile; fileRef = 7CF042B42171BECB0076D44B /* BeatRhythmTimer.swift */; };
		7CF042BB2171CBBF0076D44B /* beatSound.mp3 in Resources */ = {isa = PBXBuildFile; fileRef = 7CF042BA2171CBBF0076D44B /* beatSound.mp3 */; };
		7CF042BD2171D0E60076D44B /* PlayProgressBar.swift in Sources */ = {isa = PBXBuildFile; fileRef = 7CF042BC2171D0E60076D44B /* PlayProgressBar.swift */; };
		7CFB8D6D216DA3AC006A6365 /* AppDelegate.swift in Sources */ = {isa = PBXBuildFile; fileRef = 7CFB8D6C216DA3AC006A6365 /* AppDelegate.swift */; };
		7CFB8D6F216DA3AC006A6365 /* ViewController.swift in Sources */ = {isa = PBXBuildFile; fileRef = 7CFB8D6E216DA3AC006A6365 /* ViewController.swift */; };
		7CFB8D72216DA3AC006A6365 /* Main.storyboard in Resources */ = {isa = PBXBuildFile; fileRef = 7CFB8D70216DA3AC006A6365 /* Main.storyboard */; };
		7CFB8D74216DA3AD006A6365 /* Assets.xcassets in Resources */ = {isa = PBXBuildFile; fileRef = 7CFB8D73216DA3AD006A6365 /* Assets.xcassets */; };
		7CFB8D77216DA3AD006A6365 /* LaunchScreen.storyboard in Resources */ = {isa = PBXBuildFile; fileRef = 7CFB8D75216DA3AD006A6365 /* LaunchScreen.storyboard */; };
		7CFB8DA5216DA851006A6365 /* FrameStandard.swift in Sources */ = {isa = PBXBuildFile; fileRef = 7CFB8D98216DA851006A6365 /* FrameStandard.swift */; };
		7CFB8DA6216DA851006A6365 /* ExtensionForSomeClass.swift in Sources */ = {isa = PBXBuildFile; fileRef = 7CFB8DA2216DA851006A6365 /* ExtensionForSomeClass.swift */; };
		7CFB8DA7216DA851006A6365 /* ToolClass.swift in Sources */ = {isa = PBXBuildFile; fileRef = 7CFB8DA3216DA851006A6365 /* ToolClass.swift */; };
		7CFB8DA8216DA851006A6365 /* BasicKnowledge.swift in Sources */ = {isa = PBXBuildFile; fileRef = 7CFB8DA4216DA851006A6365 /* BasicKnowledge.swift */; };
		7CFB8DB2216DDA0C006A6365 /* RecordViewController.swift in Sources */ = {isa = PBXBuildFile; fileRef = 7CFB8DB1216DDA0C006A6365 /* RecordViewController.swift */; };
		7CFB8DB5216E02C2006A6365 /* EditViewController.swift in Sources */ = {isa = PBXBuildFile; fileRef = 7CFB8DB4216E02C2006A6365 /* EditViewController.swift */; };
		7CFB8DB7216E183E006A6365 /* StaticProperties.swift in Sources */ = {isa = PBXBuildFile; fileRef = 7CFB8DB6216E183E006A6365 /* StaticProperties.swift */; };
		7CFED162216EE6DE009FD60B /* SizeSlideButton.swift in Sources */ = {isa = PBXBuildFile; fileRef = 7CFED161216EE6DD009FD60B /* SizeSlideButton.swift */; };
		7CFED164216EF148009FD60B /* GlobalMusicProperties.swift in Sources */ = {isa = PBXBuildFile; fileRef = 7CFED163216EF148009FD60B /* GlobalMusicProperties.swift */; };
		7CFED166216F38F2009FD60B /* GlobalTimer.swift in Sources */ = {isa = PBXBuildFile; fileRef = 7CFED165216F38F2009FD60B /* GlobalTimer.swift */; };
		7CFED168216F5FB9009FD60B /* AudioKitLogger.swift in Sources */ = {isa = PBXBuildFile; fileRef = 7CFED167216F5FB9009FD60B /* AudioKitLogger.swift */; };
/* End PBXBuildFile section */

/* Begin PBXFileReference section */
		1B8E1C584B3FBF565A62AA90 /* Pods_SoundsFilter.framework */ = {isa = PBXFileReference; explicitFileType = wrapper.framework; includeInIndex = 0; path = Pods_SoundsFilter.framework; sourceTree = BUILT_PRODUCTS_DIR; };
		7C1B6A3F2175C36A00B0472C /* Env.swift */ = {isa = PBXFileReference; fileEncoding = 4; lastKnownFileType = sourcecode.swift; path = Env.swift; sourceTree = "<group>"; };
		7C1B6A402175C36A00B0472C /* ExamplesDefaults.swift */ = {isa = PBXFileReference; fileEncoding = 4; lastKnownFileType = sourcecode.swift; path = ExamplesDefaults.swift; sourceTree = "<group>"; };
		7C1B6A432175FC6300B0472C /* NoteModel.swift */ = {isa = PBXFileReference; lastKnownFileType = sourcecode.swift; path = NoteModel.swift; sourceTree = "<group>"; };
		7C1B6A4521787AA600B0472C /* PlayerTimer.swift */ = {isa = PBXFileReference; lastKnownFileType = sourcecode.swift; path = PlayerTimer.swift; sourceTree = "<group>"; };
		7C1B6CAF2179D6E900B0472C /* ChordModel.swift */ = {isa = PBXFileReference; lastKnownFileType = sourcecode.swift; path = ChordModel.swift; sourceTree = "<group>"; };
		7C56D837217F92C5001A5834 /* D#m_1.mid */ = {isa = PBXFileReference; lastKnownFileType = audio.midi; path = "D#m_1.mid"; sourceTree = "<group>"; };
		7C56D839217F92C5001A5834 /* Dm_1.mid */ = {isa = PBXFileReference; lastKnownFileType = audio.midi; path = Dm_1.mid; sourceTree = "<group>"; };
		7C56D83B217F92C5001A5834 /* Cm_1.mid */ = {isa = PBXFileReference; lastKnownFileType = audio.midi; path = Cm_1.mid; sourceTree = "<group>"; };
		7C56D83D217F92C5001A5834 /* G#m_1.mid */ = {isa = PBXFileReference; lastKnownFileType = audio.midi; path = "G#m_1.mid"; sourceTree = "<group>"; };
		7C56D83F217F92C5001A5834 /* C#m_1.mid */ = {isa = PBXFileReference; lastKnownFileType = audio.midi; path = "C#m_1.mid"; sourceTree = "<group>"; };
		7C56D841217F92C5001A5834 /* Gm_1.mid */ = {isa = PBXFileReference; lastKnownFileType = audio.midi; path = Gm_1.mid; sourceTree = "<group>"; };
		7C56D843217F92C5001A5834 /* Bm_1.mid */ = {isa = PBXFileReference; lastKnownFileType = audio.midi; path = Bm_1.mid; sourceTree = "<group>"; };
		7C56D845217F92C5001A5834 /* F#m_1.mid */ = {isa = PBXFileReference; lastKnownFileType = audio.midi; path = "F#m_1.mid"; sourceTree = "<group>"; };
		7C56D847217F92C5001A5834 /* Fm_1.mid */ = {isa = PBXFileReference; lastKnownFileType = audio.midi; path = Fm_1.mid; sourceTree = "<group>"; };
		7C56D849217F92C5001A5834 /* Am_1.mid */ = {isa = PBXFileReference; lastKnownFileType = audio.midi; path = Am_1.mid; sourceTree = "<group>"; };
		7C56D84B217F92C5001A5834 /* Em_1.mid */ = {isa = PBXFileReference; lastKnownFileType = audio.midi; path = Em_1.mid; sourceTree = "<group>"; };
		7C56D84D217F92C5001A5834 /* A#m_1.mid */ = {isa = PBXFileReference; lastKnownFileType = audio.midi; path = "A#m_1.mid"; sourceTree = "<group>"; };
		7C56D850217F92C5001A5834 /* G#_1.mid */ = {isa = PBXFileReference; lastKnownFileType = audio.midi; path = "G#_1.mid"; sourceTree = "<group>"; };
		7C56D852217F92C5001A5834 /* D#_1.mid */ = {isa = PBXFileReference; lastKnownFileType = audio.midi; path = "D#_1.mid"; sourceTree = "<group>"; };
		7C56D854217F92C5001A5834 /* C#_1.mid */ = {isa = PBXFileReference; lastKnownFileType = audio.midi; path = "C#_1.mid"; sourceTree = "<group>"; };
		7C56D856217F92C5001A5834 /* G_1.mid */ = {isa = PBXFileReference; lastKnownFileType = audio.midi; path = G_1.mid; sourceTree = "<group>"; };
		7C56D858217F92C5001A5834 /* A_1.mid */ = {isa = PBXFileReference; lastKnownFileType = audio.midi; path = A_1.mid; sourceTree = "<group>"; };
		7C56D85A217F92C5001A5834 /* F_1.mid */ = {isa = PBXFileReference; lastKnownFileType = audio.midi; path = F_1.mid; sourceTree = "<group>"; };
		7C56D85C217F92C5001A5834 /* A#_1.mid */ = {isa = PBXFileReference; lastKnownFileType = audio.midi; path = "A#_1.mid"; sourceTree = "<group>"; };
		7C56D85E217F92C5001A5834 /* F#_1.mid */ = {isa = PBXFileReference; lastKnownFileType = audio.midi; path = "F#_1.mid"; sourceTree = "<group>"; };
		7C56D860217F92C5001A5834 /* C_1.mid */ = {isa = PBXFileReference; lastKnownFileType = audio.midi; path = C_1.mid; sourceTree = "<group>"; };
		7C56D862217F92C5001A5834 /* D_1.mid */ = {isa = PBXFileReference; lastKnownFileType = audio.midi; path = D_1.mid; sourceTree = "<group>"; };
		7C56D864217F92C5001A5834 /* E_1.mid */ = {isa = PBXFileReference; lastKnownFileType = audio.midi; path = E_1.mid; sourceTree = "<group>"; };
		7C56D866217F92C5001A5834 /* B_1.mid */ = {isa = PBXFileReference; lastKnownFileType = audio.midi; path = B_1.mid; sourceTree = "<group>"; };
		7C56D869217F92C5001A5834 /* B7_1.mid */ = {isa = PBXFileReference; lastKnownFileType = audio.midi; path = B7_1.mid; sourceTree = "<group>"; };
		7C56D86B217F92C5001A5834 /* F#7_1.mid */ = {isa = PBXFileReference; lastKnownFileType = audio.midi; path = "F#7_1.mid"; sourceTree = "<group>"; };
		7C56D86D217F92C5001A5834 /* F7_1.mid */ = {isa = PBXFileReference; lastKnownFileType = audio.midi; path = F7_1.mid; sourceTree = "<group>"; };
		7C56D86F217F92C5001A5834 /* A7_1.mid */ = {isa = PBXFileReference; lastKnownFileType = audio.midi; path = A7_1.mid; sourceTree = "<group>"; };
		7C56D871217F92C5001A5834 /* E7_1.mid */ = {isa = PBXFileReference; lastKnownFileType = audio.midi; path = E7_1.mid; sourceTree = "<group>"; };
		7C56D873217F92C5001A5834 /* A#7_1.mid */ = {isa = PBXFileReference; lastKnownFileType = audio.midi; path = "A#7_1.mid"; sourceTree = "<group>"; };
		7C56D875217F92C5001A5834 /* D#7_1.mid */ = {isa = PBXFileReference; lastKnownFileType = audio.midi; path = "D#7_1.mid"; sourceTree = "<group>"; };
		7C56D877217F92C5001A5834 /* D7_1.mid */ = {isa = PBXFileReference; lastKnownFileType = audio.midi; path = D7_1.mid; sourceTree = "<group>"; };
		7C56D879217F92C5001A5834 /* C7_1.mid */ = {isa = PBXFileReference; lastKnownFileType = audio.midi; path = C7_1.mid; sourceTree = "<group>"; };
		7C56D87B217F92C5001A5834 /* G#7_1.mid */ = {isa = PBXFileReference; lastKnownFileType = audio.midi; path = "G#7_1.mid"; sourceTree = "<group>"; };
		7C56D87D217F92C5001A5834 /* C#7_1.mid */ = {isa = PBXFileReference; lastKnownFileType = audio.midi; path = "C#7_1.mid"; sourceTree = "<group>"; };
		7C56D87F217F92C5001A5834 /* G7_1.mid */ = {isa = PBXFileReference; lastKnownFileType = audio.midi; path = G7_1.mid; sourceTree = "<group>"; };
		7C56D8A6217FACFF001A5834 /* GeneralUser.sf2 */ = {isa = PBXFileReference; lastKnownFileType = file; path = GeneralUser.sf2; sourceTree = "<group>"; };
		7C56D8A8217FAD10001A5834 /* GeneralUserPiano.sf2 */ = {isa = PBXFileReference; lastKnownFileType = file; path = GeneralUserPiano.sf2; sourceTree = "<group>"; };
		7CAE74CA21703B03004395A2 /* MusicConverter.swift */ = {isa = PBXFileReference; lastKnownFileType = sourcecode.swift; path = MusicConverter.swift; sourceTree = "<group>"; };
		7CBADEB72174A673005B2F0D /* AboutPitchFrequenc.swift */ = {isa = PBXFileReference; lastKnownFileType = sourcecode.swift; path = AboutPitchFrequenc.swift; sourceTree = "<group>"; };
		7CBADEB92174C380005B2F0D /* EquationView.swift */ = {isa = PBXFileReference; lastKnownFileType = sourcecode.swift; path = EquationView.swift; sourceTree = "<group>"; };
		7CBADEBC2174CB44005B2F0D /* EquationVC.swift */ = {isa = PBXFileReference; lastKnownFileType = sourcecode.swift; path = EquationVC.swift; sourceTree = "<group>"; };
		7CF042B42171BECB0076D44B /* BeatRhythmTimer.swift */ = {isa = PBXFileReference; lastKnownFileType = sourcecode.swift; path = BeatRhythmTimer.swift; sourceTree = "<group>"; };
		7CF042BA2171CBBF0076D44B /* beatSound.mp3 */ = {isa = PBXFileReference; lastKnownFileType = audio.mp3; path = beatSound.mp3; sourceTree = "<group>"; };
		7CF042BC2171D0E60076D44B /* PlayProgressBar.swift */ = {isa = PBXFileReference; lastKnownFileType = sourcecode.swift; path = PlayProgressBar.swift; sourceTree = "<group>"; };
		7CFB8D69216DA3AC006A6365 /* SoundsFilter.app */ = {isa = PBXFileReference; explicitFileType = wrapper.application; includeInIndex = 0; path = SoundsFilter.app; sourceTree = BUILT_PRODUCTS_DIR; };
		7CFB8D6C216DA3AC006A6365 /* AppDelegate.swift */ = {isa = PBXFileReference; lastKnownFileType = sourcecode.swift; path = AppDelegate.swift; sourceTree = "<group>"; };
		7CFB8D6E216DA3AC006A6365 /* ViewController.swift */ = {isa = PBXFileReference; lastKnownFileType = sourcecode.swift; path = ViewController.swift; sourceTree = "<group>"; };
		7CFB8D71216DA3AC006A6365 /* Base */ = {isa = PBXFileReference; lastKnownFileType = file.storyboard; name = Base; path = Base.lproj/Main.storyboard; sourceTree = "<group>"; };
		7CFB8D73216DA3AD006A6365 /* Assets.xcassets */ = {isa = PBXFileReference; lastKnownFileType = folder.assetcatalog; path = Assets.xcassets; sourceTree = "<group>"; };
		7CFB8D76216DA3AD006A6365 /* Base */ = {isa = PBXFileReference; lastKnownFileType = file.storyboard; name = Base; path = Base.lproj/LaunchScreen.storyboard; sourceTree = "<group>"; };
		7CFB8D78216DA3AD006A6365 /* Info.plist */ = {isa = PBXFileReference; lastKnownFileType = text.plist.xml; path = Info.plist; sourceTree = "<group>"; };
		7CFB8D98216DA851006A6365 /* FrameStandard.swift */ = {isa = PBXFileReference; fileEncoding = 4; lastKnownFileType = sourcecode.swift; path = FrameStandard.swift; sourceTree = "<group>"; };
		7CFB8DA2216DA851006A6365 /* ExtensionForSomeClass.swift */ = {isa = PBXFileReference; fileEncoding = 4; lastKnownFileType = sourcecode.swift; path = ExtensionForSomeClass.swift; sourceTree = "<group>"; };
		7CFB8DA3216DA851006A6365 /* ToolClass.swift */ = {isa = PBXFileReference; fileEncoding = 4; lastKnownFileType = sourcecode.swift; path = ToolClass.swift; sourceTree = "<group>"; };
		7CFB8DA4216DA851006A6365 /* BasicKnowledge.swift */ = {isa = PBXFileReference; fileEncoding = 4; lastKnownFileType = sourcecode.swift; path = BasicKnowledge.swift; sourceTree = "<group>"; };
		7CFB8DAB216DA9C6006A6365 /* SoundsFilter-Bridging-Header.h */ = {isa = PBXFileReference; lastKnownFileType = sourcecode.c.h; path = "SoundsFilter-Bridging-Header.h"; sourceTree = "<group>"; };
		7CFB8DB1216DDA0C006A6365 /* RecordViewController.swift */ = {isa = PBXFileReference; lastKnownFileType = sourcecode.swift; path = RecordViewController.swift; sourceTree = "<group>"; };
		7CFB8DB4216E02C2006A6365 /* EditViewController.swift */ = {isa = PBXFileReference; lastKnownFileType = sourcecode.swift; path = EditViewController.swift; sourceTree = "<group>"; };
		7CFB8DB6216E183E006A6365 /* StaticProperties.swift */ = {isa = PBXFileReference; lastKnownFileType = sourcecode.swift; path = StaticProperties.swift; sourceTree = "<group>"; };
		7CFED161216EE6DD009FD60B /* SizeSlideButton.swift */ = {isa = PBXFileReference; lastKnownFileType = sourcecode.swift; path = SizeSlideButton.swift; sourceTree = "<group>"; };
		7CFED163216EF148009FD60B /* GlobalMusicProperties.swift */ = {isa = PBXFileReference; lastKnownFileType = sourcecode.swift; path = GlobalMusicProperties.swift; sourceTree = "<group>"; };
		7CFED165216F38F2009FD60B /* GlobalTimer.swift */ = {isa = PBXFileReference; lastKnownFileType = sourcecode.swift; path = GlobalTimer.swift; sourceTree = "<group>"; };
		7CFED167216F5FB9009FD60B /* AudioKitLogger.swift */ = {isa = PBXFileReference; lastKnownFileType = sourcecode.swift; path = AudioKitLogger.swift; sourceTree = "<group>"; };
		9237D5DCC208E83F9A3EAB3F /* Pods-SoundsFilter.debug.xcconfig */ = {isa = PBXFileReference; includeInIndex = 1; lastKnownFileType = text.xcconfig; name = "Pods-SoundsFilter.debug.xcconfig"; path = "Target Support Files/Pods-SoundsFilter/Pods-SoundsFilter.debug.xcconfig"; sourceTree = "<group>"; };
		A5D200754E34FFAC3001F70A /* Pods-SoundsFilter.release.xcconfig */ = {isa = PBXFileReference; includeInIndex = 1; lastKnownFileType = text.xcconfig; name = "Pods-SoundsFilter.release.xcconfig"; path = "Target Support Files/Pods-SoundsFilter/Pods-SoundsFilter.release.xcconfig"; sourceTree = "<group>"; };
/* End PBXFileReference section */

/* Begin PBXFrameworksBuildPhase section */
		7CFB8D66216DA3AC006A6365 /* Frameworks */ = {
			isa = PBXFrameworksBuildPhase;
			buildActionMask = 2147483647;
			files = (
				1FA3647C8F029616B7FBF4C6 /* Pods_SoundsFilter.framework in Frameworks */,
			);
			runOnlyForDeploymentPostprocessing = 0;
		};
/* End PBXFrameworksBuildPhase section */

/* Begin PBXGroup section */
		25F3DB0CC5879749F83080B8 /* Pods */ = {
			isa = PBXGroup;
			children = (
				9237D5DCC208E83F9A3EAB3F /* Pods-SoundsFilter.debug.xcconfig */,
				A5D200754E34FFAC3001F70A /* Pods-SoundsFilter.release.xcconfig */,
			);
			path = Pods;
			sourceTree = "<group>";
		};
		7C56D834217F92C5001A5834 /* 钢琴分解_80-140_n=1 */ = {
			isa = PBXGroup;
			children = (
				7C56D835217F92C5001A5834 /* 小三和弦 */,
				7C56D84E217F92C5001A5834 /* 大三和弦 */,
				7C56D867217F92C5001A5834 /* 属七和弦 */,
			);
			path = "钢琴分解_80-140_n=1";
			sourceTree = "<group>";
		};
		7C56D835217F92C5001A5834 /* 小三和弦 */ = {
			isa = PBXGroup;
			children = (
				7C56D836217F92C5001A5834 /* D#m */,
				7C56D838217F92C5001A5834 /* D m */,
				7C56D83A217F92C5001A5834 /* C m */,
				7C56D83C217F92C5001A5834 /* G#m */,
				7C56D83E217F92C5001A5834 /* C#m */,
				7C56D840217F92C5001A5834 /* G m */,
				7C56D842217F92C5001A5834 /* B m */,
				7C56D844217F92C5001A5834 /* F#m */,
				7C56D846217F92C5001A5834 /* F m */,
				7C56D848217F92C5001A5834 /* A m */,
				7C56D84A217F92C5001A5834 /* E m */,
				7C56D84C217F92C5001A5834 /* A#m */,
			);
			path = "小三和弦";
			sourceTree = "<group>";
		};
		7C56D836217F92C5001A5834 /* D#m */ = {
			isa = PBXGroup;
			children = (
				7C56D837217F92C5001A5834 /* D#m_1.mid */,
			);
			path = "D#m";
			sourceTree = "<group>";
		};
		7C56D838217F92C5001A5834 /* D m */ = {
			isa = PBXGroup;
			children = (
				7C56D839217F92C5001A5834 /* Dm_1.mid */,
			);
			path = "D m";
			sourceTree = "<group>";
		};
		7C56D83A217F92C5001A5834 /* C m */ = {
			isa = PBXGroup;
			children = (
				7C56D83B217F92C5001A5834 /* Cm_1.mid */,
			);
			path = "C m";
			sourceTree = "<group>";
		};
		7C56D83C217F92C5001A5834 /* G#m */ = {
			isa = PBXGroup;
			children = (
				7C56D83D217F92C5001A5834 /* G#m_1.mid */,
			);
			path = "G#m";
			sourceTree = "<group>";
		};
		7C56D83E217F92C5001A5834 /* C#m */ = {
			isa = PBXGroup;
			children = (
				7C56D83F217F92C5001A5834 /* C#m_1.mid */,
			);
			path = "C#m";
			sourceTree = "<group>";
		};
		7C56D840217F92C5001A5834 /* G m */ = {
			isa = PBXGroup;
			children = (
				7C56D841217F92C5001A5834 /* Gm_1.mid */,
			);
			path = "G m";
			sourceTree = "<group>";
		};
		7C56D842217F92C5001A5834 /* B m */ = {
			isa = PBXGroup;
			children = (
				7C56D843217F92C5001A5834 /* Bm_1.mid */,
			);
			path = "B m";
			sourceTree = "<group>";
		};
		7C56D844217F92C5001A5834 /* F#m */ = {
			isa = PBXGroup;
			children = (
				7C56D845217F92C5001A5834 /* F#m_1.mid */,
			);
			path = "F#m";
			sourceTree = "<group>";
		};
		7C56D846217F92C5001A5834 /* F m */ = {
			isa = PBXGroup;
			children = (
				7C56D847217F92C5001A5834 /* Fm_1.mid */,
			);
			path = "F m";
			sourceTree = "<group>";
		};
		7C56D848217F92C5001A5834 /* A m */ = {
			isa = PBXGroup;
			children = (
				7C56D849217F92C5001A5834 /* Am_1.mid */,
			);
			path = "A m";
			sourceTree = "<group>";
		};
		7C56D84A217F92C5001A5834 /* E m */ = {
			isa = PBXGroup;
			children = (
				7C56D84B217F92C5001A5834 /* Em_1.mid */,
			);
			path = "E m";
			sourceTree = "<group>";
		};
		7C56D84C217F92C5001A5834 /* A#m */ = {
			isa = PBXGroup;
			children = (
				7C56D84D217F92C5001A5834 /* A#m_1.mid */,
			);
			path = "A#m";
			sourceTree = "<group>";
		};
		7C56D84E217F92C5001A5834 /* 大三和弦 */ = {
			isa = PBXGroup;
			children = (
				7C56D84F217F92C5001A5834 /* G# */,
				7C56D851217F92C5001A5834 /* D# */,
				7C56D853217F92C5001A5834 /* C# */,
				7C56D855217F92C5001A5834 /* G */,
				7C56D857217F92C5001A5834 /* A */,
				7C56D859217F92C5001A5834 /* F */,
				7C56D85B217F92C5001A5834 /* A# */,
				7C56D85D217F92C5001A5834 /* F# */,
				7C56D85F217F92C5001A5834 /* C */,
				7C56D861217F92C5001A5834 /* D */,
				7C56D863217F92C5001A5834 /* E */,
				7C56D865217F92C5001A5834 /* B */,
			);
			path = "大三和弦";
			sourceTree = "<group>";
		};
		7C56D84F217F92C5001A5834 /* G# */ = {
			isa = PBXGroup;
			children = (
				7C56D850217F92C5001A5834 /* G#_1.mid */,
			);
			path = "G#";
			sourceTree = "<group>";
		};
		7C56D851217F92C5001A5834 /* D# */ = {
			isa = PBXGroup;
			children = (
				7C56D852217F92C5001A5834 /* D#_1.mid */,
			);
			path = "D#";
			sourceTree = "<group>";
		};
		7C56D853217F92C5001A5834 /* C# */ = {
			isa = PBXGroup;
			children = (
				7C56D854217F92C5001A5834 /* C#_1.mid */,
			);
			path = "C#";
			sourceTree = "<group>";
		};
		7C56D855217F92C5001A5834 /* G */ = {
			isa = PBXGroup;
			children = (
				7C56D856217F92C5001A5834 /* G_1.mid */,
			);
			path = G;
			sourceTree = "<group>";
		};
		7C56D857217F92C5001A5834 /* A */ = {
			isa = PBXGroup;
			children = (
				7C56D858217F92C5001A5834 /* A_1.mid */,
			);
			path = A;
			sourceTree = "<group>";
		};
		7C56D859217F92C5001A5834 /* F */ = {
			isa = PBXGroup;
			children = (
				7C56D85A217F92C5001A5834 /* F_1.mid */,
			);
			path = F;
			sourceTree = "<group>";
		};
		7C56D85B217F92C5001A5834 /* A# */ = {
			isa = PBXGroup;
			children = (
				7C56D85C217F92C5001A5834 /* A#_1.mid */,
			);
			path = "A#";
			sourceTree = "<group>";
		};
		7C56D85D217F92C5001A5834 /* F# */ = {
			isa = PBXGroup;
			children = (
				7C56D85E217F92C5001A5834 /* F#_1.mid */,
			);
			path = "F#";
			sourceTree = "<group>";
		};
		7C56D85F217F92C5001A5834 /* C */ = {
			isa = PBXGroup;
			children = (
				7C56D860217F92C5001A5834 /* C_1.mid */,
			);
			path = C;
			sourceTree = "<group>";
		};
		7C56D861217F92C5001A5834 /* D */ = {
			isa = PBXGroup;
			children = (
				7C56D862217F92C5001A5834 /* D_1.mid */,
			);
			path = D;
			sourceTree = "<group>";
		};
		7C56D863217F92C5001A5834 /* E */ = {
			isa = PBXGroup;
			children = (
				7C56D864217F92C5001A5834 /* E_1.mid */,
			);
			path = E;
			sourceTree = "<group>";
		};
		7C56D865217F92C5001A5834 /* B */ = {
			isa = PBXGroup;
			children = (
				7C56D866217F92C5001A5834 /* B_1.mid */,
			);
			path = B;
			sourceTree = "<group>";
		};
		7C56D867217F92C5001A5834 /* 属七和弦 */ = {
			isa = PBXGroup;
			children = (
				7C56D868217F92C5001A5834 /* B 7 */,
				7C56D86A217F92C5001A5834 /* F#7 */,
				7C56D86C217F92C5001A5834 /* F 7 */,
				7C56D86E217F92C5001A5834 /* A 7 */,
				7C56D870217F92C5001A5834 /* E 7 */,
				7C56D872217F92C5001A5834 /* A#7 */,
				7C56D874217F92C5001A5834 /* D#7 */,
				7C56D876217F92C5001A5834 /* D 7 */,
				7C56D878217F92C5001A5834 /* C 7 */,
				7C56D87A217F92C5001A5834 /* G#7 */,
				7C56D87C217F92C5001A5834 /* C#7 */,
				7C56D87E217F92C5001A5834 /* G 7 */,
			);
			path = "属七和弦";
			sourceTree = "<group>";
		};
		7C56D868217F92C5001A5834 /* B 7 */ = {
			isa = PBXGroup;
			children = (
				7C56D869217F92C5001A5834 /* B7_1.mid */,
			);
			path = "B 7";
			sourceTree = "<group>";
		};
		7C56D86A217F92C5001A5834 /* F#7 */ = {
			isa = PBXGroup;
			children = (
				7C56D86B217F92C5001A5834 /* F#7_1.mid */,
			);
			path = "F#7";
			sourceTree = "<group>";
		};
		7C56D86C217F92C5001A5834 /* F 7 */ = {
			isa = PBXGroup;
			children = (
				7C56D86D217F92C5001A5834 /* F7_1.mid */,
			);
			path = "F 7";
			sourceTree = "<group>";
		};
		7C56D86E217F92C5001A5834 /* A 7 */ = {
			isa = PBXGroup;
			children = (
				7C56D86F217F92C5001A5834 /* A7_1.mid */,
			);
			path = "A 7";
			sourceTree = "<group>";
		};
		7C56D870217F92C5001A5834 /* E 7 */ = {
			isa = PBXGroup;
			children = (
				7C56D871217F92C5001A5834 /* E7_1.mid */,
			);
			path = "E 7";
			sourceTree = "<group>";
		};
		7C56D872217F92C5001A5834 /* A#7 */ = {
			isa = PBXGroup;
			children = (
				7C56D873217F92C5001A5834 /* A#7_1.mid */,
			);
			path = "A#7";
			sourceTree = "<group>";
		};
		7C56D874217F92C5001A5834 /* D#7 */ = {
			isa = PBXGroup;
			children = (
				7C56D875217F92C5001A5834 /* D#7_1.mid */,
			);
			path = "D#7";
			sourceTree = "<group>";
		};
		7C56D876217F92C5001A5834 /* D 7 */ = {
			isa = PBXGroup;
			children = (
				7C56D877217F92C5001A5834 /* D7_1.mid */,
			);
			path = "D 7";
			sourceTree = "<group>";
		};
		7C56D878217F92C5001A5834 /* C 7 */ = {
			isa = PBXGroup;
			children = (
				7C56D879217F92C5001A5834 /* C7_1.mid */,
			);
			path = "C 7";
			sourceTree = "<group>";
		};
		7C56D87A217F92C5001A5834 /* G#7 */ = {
			isa = PBXGroup;
			children = (
				7C56D87B217F92C5001A5834 /* G#7_1.mid */,
			);
			path = "G#7";
			sourceTree = "<group>";
		};
		7C56D87C217F92C5001A5834 /* C#7 */ = {
			isa = PBXGroup;
			children = (
				7C56D87D217F92C5001A5834 /* C#7_1.mid */,
			);
			path = "C#7";
			sourceTree = "<group>";
		};
		7C56D87E217F92C5001A5834 /* G 7 */ = {
			isa = PBXGroup;
			children = (
				7C56D87F217F92C5001A5834 /* G7_1.mid */,
			);
			path = "G 7";
			sourceTree = "<group>";
		};
		7CBADEBB2174CB24005B2F0D /* EquationVC */ = {
			isa = PBXGroup;
			children = (
				7CBADEBC2174CB44005B2F0D /* EquationVC.swift */,
			);
			path = EquationVC;
			sourceTree = "<group>";
		};
		7CFB8D60216DA3AC006A6365 = {
			isa = PBXGroup;
			children = (
				7CFB8D6B216DA3AC006A6365 /* SoundsFilter */,
				7CFB8D6A216DA3AC006A6365 /* Products */,
				25F3DB0CC5879749F83080B8 /* Pods */,
				B58CE6E92DD3BD98226AB4C3 /* Frameworks */,
			);
			sourceTree = "<group>";
		};
		7CFB8D6A216DA3AC006A6365 /* Products */ = {
			isa = PBXGroup;
			children = (
				7CFB8D69216DA3AC006A6365 /* SoundsFilter.app */,
			);
			name = Products;
			sourceTree = "<group>";
		};
		7CFB8D6B216DA3AC006A6365 /* SoundsFilter */ = {
			isa = PBXGroup;
			children = (
				7CFB8D95216DA824006A6365 /* AboutApp */,
				7CFB8DAA216DA8C5006A6365 /* Resource */,
				7CFB8D96216DA851006A6365 /* Class */,
			);
			path = SoundsFilter;
			sourceTree = "<group>";
		};
		7CFB8D95216DA824006A6365 /* AboutApp */ = {
			isa = PBXGroup;
			children = (
				7CFB8D6C216DA3AC006A6365 /* AppDelegate.swift */,
				7CFB8D75216DA3AD006A6365 /* LaunchScreen.storyboard */,
				7CFB8DAB216DA9C6006A6365 /* SoundsFilter-Bridging-Header.h */,
				7CFB8D78216DA3AD006A6365 /* Info.plist */,
			);
			name = AboutApp;
			sourceTree = "<group>";
		};
		7CFB8D96216DA851006A6365 /* Class */ = {
			isa = PBXGroup;
			children = (
				7CFB8DA1216DA851006A6365 /* GenericTools */,
				7CFB8D97216DA851006A6365 /* AppStandard */,
				7CFB8D9A216DA851006A6365 /* Model */,
				7CFB8D99216DA851006A6365 /* ModelManager */,
				7CFB8D9B216DA851006A6365 /* BasicClass */,
				7CFB8D9E216DA851006A6365 /* Main */,
			);
			path = Class;
			sourceTree = "<group>";
		};
		7CFB8D97216DA851006A6365 /* AppStandard */ = {
			isa = PBXGroup;
			children = (
				7CFB8D98216DA851006A6365 /* FrameStandard.swift */,
				7CFB8DB6216E183E006A6365 /* StaticProperties.swift */,
			);
			path = AppStandard;
			sourceTree = "<group>";
		};
		7CFB8D99216DA851006A6365 /* ModelManager */ = {
			isa = PBXGroup;
			children = (
				7CAE74CA21703B03004395A2 /* MusicConverter.swift */,
			);
			path = ModelManager;
			sourceTree = "<group>";
		};
		7CFB8D9A216DA851006A6365 /* Model */ = {
			isa = PBXGroup;
			children = (
				7CFED163216EF148009FD60B /* GlobalMusicProperties.swift */,
				7CBADEB72174A673005B2F0D /* AboutPitchFrequenc.swift */,
				7C1B6A432175FC6300B0472C /* NoteModel.swift */,
				7C1B6CAF2179D6E900B0472C /* ChordModel.swift */,
			);
			path = Model;
			sourceTree = "<group>";
		};
		7CFB8D9B216DA851006A6365 /* BasicClass */ = {
			isa = PBXGroup;
			children = (
				7CFB8D9C216DA851006A6365 /* Other */,
				7CFB8D9D216DA851006A6365 /* View */,
			);
			path = BasicClass;
			sourceTree = "<group>";
		};
		7CFB8D9C216DA851006A6365 /* Other */ = {
			isa = PBXGroup;
			children = (
				7CF042B42171BECB0076D44B /* BeatRhythmTimer.swift */,
				7CFED165216F38F2009FD60B /* GlobalTimer.swift */,
				7C1B6A4521787AA600B0472C /* PlayerTimer.swift */,
				7CFED167216F5FB9009FD60B /* AudioKitLogger.swift */,
			);
			path = Other;
			sourceTree = "<group>";
		};
		7CFB8D9D216DA851006A6365 /* View */ = {
			isa = PBXGroup;
			children = (
				7CF042BC2171D0E60076D44B /* PlayProgressBar.swift */,
				7CFED161216EE6DD009FD60B /* SizeSlideButton.swift */,
				7CBADEB92174C380005B2F0D /* EquationView.swift */,
			);
			path = View;
			sourceTree = "<group>";
		};
		7CFB8D9E216DA851006A6365 /* Main */ = {
			isa = PBXGroup;
			children = (
				7CFB8D70216DA3AC006A6365 /* Main.storyboard */,
				7CFB8D9F216DA851006A6365 /* Transaction */,
			);
			path = Main;
			sourceTree = "<group>";
		};
		7CFB8D9F216DA851006A6365 /* Transaction */ = {
			isa = PBXGroup;
			children = (
				7CFB8DA0216DA851006A6365 /* HomeVC */,
				7CFB8DB0216DD9EA006A6365 /* RecordVC */,
				7CFB8DB3216E0278006A6365 /* EditVC */,
				7CBADEBB2174CB24005B2F0D /* EquationVC */,
			);
			path = Transaction;
			sourceTree = "<group>";
		};
		7CFB8DA0216DA851006A6365 /* HomeVC */ = {
			isa = PBXGroup;
			children = (
				7CFB8D6E216DA3AC006A6365 /* ViewController.swift */,
			);
			path = HomeVC;
			sourceTree = "<group>";
		};
		7CFB8DA1216DA851006A6365 /* GenericTools */ = {
			isa = PBXGroup;
			children = (
				7CFB8DA2216DA851006A6365 /* ExtensionForSomeClass.swift */,
				7CFB8DA3216DA851006A6365 /* ToolClass.swift */,
				7CFB8DA4216DA851006A6365 /* BasicKnowledge.swift */,
			);
			path = GenericTools;
			sourceTree = "<group>";
		};
		7CFB8DAA216DA8C5006A6365 /* Resource */ = {
			isa = PBXGroup;
			children = (
				7C1B6A3F2175C36A00B0472C /* Env.swift */,
				7C1B6A402175C36A00B0472C /* ExamplesDefaults.swift */,
				7CFB8D73216DA3AD006A6365 /* Assets.xcassets */,
				7CF042BA2171CBBF0076D44B /* beatSound.mp3 */,
				7C56D8A6217FACFF001A5834 /* GeneralUser.sf2 */,
				7C56D8A8217FAD10001A5834 /* GeneralUserPiano.sf2 */,
				7C56D834217F92C5001A5834 /* 钢琴分解_80-140_n=1 */,
			);
			name = Resource;
			sourceTree = "<group>";
		};
		7CFB8DB0216DD9EA006A6365 /* RecordVC */ = {
			isa = PBXGroup;
			children = (
				7CFB8DB1216DDA0C006A6365 /* RecordViewController.swift */,
			);
			path = RecordVC;
			sourceTree = "<group>";
		};
		7CFB8DB3216E0278006A6365 /* EditVC */ = {
			isa = PBXGroup;
			children = (
				7CFB8DB4216E02C2006A6365 /* EditViewController.swift */,
			);
			path = EditVC;
			sourceTree = "<group>";
		};
		B58CE6E92DD3BD98226AB4C3 /* Frameworks */ = {
			isa = PBXGroup;
			children = (
				1B8E1C584B3FBF565A62AA90 /* Pods_SoundsFilter.framework */,
			);
			name = Frameworks;
			sourceTree = "<group>";
		};
/* End PBXGroup section */

/* Begin PBXNativeTarget section */
		7CFB8D68216DA3AC006A6365 /* SoundsFilter */ = {
			isa = PBXNativeTarget;
			buildConfigurationList = 7CFB8D7B216DA3AD006A6365 /* Build configuration list for PBXNativeTarget "SoundsFilter" */;
			buildPhases = (
				0B5D96917AADD649060D20C3 /* [CP] Check Pods Manifest.lock */,
				7CFB8D65216DA3AC006A6365 /* Sources */,
				7CFB8D66216DA3AC006A6365 /* Frameworks */,
				7CFB8D67216DA3AC006A6365 /* Resources */,
				D0670DD0918BB13470FC4E95 /* [CP] Embed Pods Frameworks */,
			);
			buildRules = (
			);
			dependencies = (
			);
			name = SoundsFilter;
			productName = SoundsFilter;
			productReference = 7CFB8D69216DA3AC006A6365 /* SoundsFilter.app */;
			productType = "com.apple.product-type.application";
		};
/* End PBXNativeTarget section */

/* Begin PBXProject section */
		7CFB8D61216DA3AC006A6365 /* Project object */ = {
			isa = PBXProject;
			attributes = {
				LastSwiftUpdateCheck = 1000;
				LastUpgradeCheck = 1000;
				ORGANIZATIONNAME = "X Young.";
				TargetAttributes = {
					7CFB8D68216DA3AC006A6365 = {
						CreatedOnToolsVersion = 10.0;
						LastSwiftMigration = 1000;
					};
				};
			};
			buildConfigurationList = 7CFB8D64216DA3AC006A6365 /* Build configuration list for PBXProject "SoundsFilter" */;
			compatibilityVersion = "Xcode 9.3";
			developmentRegion = en;
			hasScannedForEncodings = 0;
			knownRegions = (
				en,
				Base,
			);
			mainGroup = 7CFB8D60216DA3AC006A6365;
			productRefGroup = 7CFB8D6A216DA3AC006A6365 /* Products */;
			projectDirPath = "";
			projectRoot = "";
			targets = (
				7CFB8D68216DA3AC006A6365 /* SoundsFilter */,
			);
		};
/* End PBXProject section */

/* Begin PBXResourcesBuildPhase section */
		7CFB8D67216DA3AC006A6365 /* Resources */ = {
			isa = PBXResourcesBuildPhase;
			buildActionMask = 2147483647;
			files = (
				7C56D880217F92C5001A5834 /* D#m_1.mid in Resources */,
				7C56D899217F92C5001A5834 /* F#7_1.mid in Resources */,
				7C56D89C217F92C5001A5834 /* E7_1.mid in Resources */,
				7C56D88A217F92C5001A5834 /* Em_1.mid in Resources */,
				7C56D892217F92C5001A5834 /* A#_1.mid in Resources */,
				7C56D8A2217F92C5001A5834 /* C#7_1.mid in Resources */,
				7C56D898217F92C5001A5834 /* B7_1.mid in Resources */,
				7C56D897217F92C5001A5834 /* B_1.mid in Resources */,
				7C56D894217F92C5001A5834 /* C_1.mid in Resources */,
				7C56D887217F92C5001A5834 /* F#m_1.mid in Resources */,
				7C56D881217F92C5001A5834 /* Dm_1.mid in Resources */,
				7C56D88F217F92C5001A5834 /* G_1.mid in Resources */,
				7CF042BB2171CBBF0076D44B /* beatSound.mp3 in Resources */,
				7CFB8D77216DA3AD006A6365 /* LaunchScreen.storyboard in Resources */,
				7C56D8A0217F92C5001A5834 /* C7_1.mid in Resources */,
				7C56D8A9217FAD10001A5834 /* GeneralUserPiano.sf2 in Resources */,
				7C56D886217F92C5001A5834 /* Bm_1.mid in Resources */,
				7C56D89A217F92C5001A5834 /* F7_1.mid in Resources */,
				7C56D890217F92C5001A5834 /* A_1.mid in Resources */,
				7C56D88D217F92C5001A5834 /* D#_1.mid in Resources */,
				7C56D8A7217FACFF001A5834 /* GeneralUser.sf2 in Resources */,
				7C56D896217F92C5001A5834 /* E_1.mid in Resources */,
				7C56D885217F92C5001A5834 /* Gm_1.mid in Resources */,
				7C56D888217F92C5001A5834 /* Fm_1.mid in Resources */,
				7C56D8A3217F92C5001A5834 /* G7_1.mid in Resources */,
				7C56D883217F92C5001A5834 /* G#m_1.mid in Resources */,
				7C56D89E217F92C5001A5834 /* D#7_1.mid in Resources */,
				7CFB8D74216DA3AD006A6365 /* Assets.xcassets in Resources */,
				7C56D882217F92C5001A5834 /* Cm_1.mid in Resources */,
				7C56D89B217F92C5001A5834 /* A7_1.mid in Resources */,
				7C56D88C217F92C5001A5834 /* G#_1.mid in Resources */,
				7C56D88B217F92C5001A5834 /* A#m_1.mid in Resources */,
				7CFB8D72216DA3AC006A6365 /* Main.storyboard in Resources */,
				7C56D893217F92C5001A5834 /* F#_1.mid in Resources */,
				7C56D895217F92C5001A5834 /* D_1.mid in Resources */,
				7C56D889217F92C5001A5834 /* Am_1.mid in Resources */,
				7C56D8A1217F92C5001A5834 /* G#7_1.mid in Resources */,
				7C56D89F217F92C5001A5834 /* D7_1.mid in Resources */,
				7C56D89D217F92C5001A5834 /* A#7_1.mid in Resources */,
				7C56D891217F92C5001A5834 /* F_1.mid in Resources */,
				7C56D88E217F92C5001A5834 /* C#_1.mid in Resources */,
				7C56D884217F92C5001A5834 /* C#m_1.mid in Resources */,
			);
			runOnlyForDeploymentPostprocessing = 0;
		};
/* End PBXResourcesBuildPhase section */

/* Begin PBXShellScriptBuildPhase section */
		0B5D96917AADD649060D20C3 /* [CP] Check Pods Manifest.lock */ = {
			isa = PBXShellScriptBuildPhase;
			buildActionMask = 2147483647;
			files = (
			);
			inputFileListPaths = (
			);
			inputPaths = (
				"${PODS_PODFILE_DIR_PATH}/Podfile.lock",
				"${PODS_ROOT}/Manifest.lock",
			);
			name = "[CP] Check Pods Manifest.lock";
			outputFileListPaths = (
			);
			outputPaths = (
				"$(DERIVED_FILE_DIR)/Pods-SoundsFilter-checkManifestLockResult.txt",
			);
			runOnlyForDeploymentPostprocessing = 0;
			shellPath = /bin/sh;
			shellScript = "diff \"${PODS_PODFILE_DIR_PATH}/Podfile.lock\" \"${PODS_ROOT}/Manifest.lock\" > /dev/null\nif [ $? != 0 ] ; then\n    # print error to STDERR\n    echo \"error: The sandbox is not in sync with the Podfile.lock. Run 'pod install' or update your CocoaPods installation.\" >&2\n    exit 1\nfi\n# This output is used by Xcode 'outputs' to avoid re-running this script phase.\necho \"SUCCESS\" > \"${SCRIPT_OUTPUT_FILE_0}\"\n";
			showEnvVarsInLog = 0;
		};
		D0670DD0918BB13470FC4E95 /* [CP] Embed Pods Frameworks */ = {
			isa = PBXShellScriptBuildPhase;
			buildActionMask = 2147483647;
			files = (
			);
			inputFileListPaths = (
			);
			inputPaths = (
				"${PODS_ROOT}/Target Support Files/Pods-SoundsFilter/Pods-SoundsFilter-frameworks.sh",
				"${BUILT_PRODUCTS_DIR}/ChameleonFramework/ChameleonFramework.framework",
				"${BUILT_PRODUCTS_DIR}/HGRippleRadarView/HGRippleRadarView.framework",
				"${BUILT_PRODUCTS_DIR}/SVProgressHUD/SVProgressHUD.framework",
				"${BUILT_PRODUCTS_DIR}/SnapKit/SnapKit.framework",
				"${BUILT_PRODUCTS_DIR}/SwiftCharts/SwiftCharts.framework",
				"${BUILT_PRODUCTS_DIR}/SwiftyXMLParser/SwiftyXMLParser.framework",
				"${BUILT_PRODUCTS_DIR}/Timepiece/Timepiece.framework",
			);
			name = "[CP] Embed Pods Frameworks";
			outputFileListPaths = (
			);
			outputPaths = (
				"${TARGET_BUILD_DIR}/${FRAMEWORKS_FOLDER_PATH}/ChameleonFramework.framework",
				"${TARGET_BUILD_DIR}/${FRAMEWORKS_FOLDER_PATH}/HGRippleRadarView.framework",
				"${TARGET_BUILD_DIR}/${FRAMEWORKS_FOLDER_PATH}/SVProgressHUD.framework",
				"${TARGET_BUILD_DIR}/${FRAMEWORKS_FOLDER_PATH}/SnapKit.framework",
				"${TARGET_BUILD_DIR}/${FRAMEWORKS_FOLDER_PATH}/SwiftCharts.framework",
				"${TARGET_BUILD_DIR}/${FRAMEWORKS_FOLDER_PATH}/SwiftyXMLParser.framework",
				"${TARGET_BUILD_DIR}/${FRAMEWORKS_FOLDER_PATH}/Timepiece.framework",
			);
			runOnlyForDeploymentPostprocessing = 0;
			shellPath = /bin/sh;
			shellScript = "\"${PODS_ROOT}/Target Support Files/Pods-SoundsFilter/Pods-SoundsFilter-frameworks.sh\"\n";
			showEnvVarsInLog = 0;
		};
/* End PBXShellScriptBuildPhase section */

/* Begin PBXSourcesBuildPhase section */
		7CFB8D65216DA3AC006A6365 /* Sources */ = {
			isa = PBXSourcesBuildPhase;
			buildActionMask = 2147483647;
			files = (
				7CF042BD2171D0E60076D44B /* PlayProgressBar.swift in Sources */,
				7C1B6A442175FC6300B0472C /* NoteModel.swift in Sources */,
				7CFED162216EE6DE009FD60B /* SizeSlideButton.swift in Sources */,
				7CFB8DA6216DA851006A6365 /* ExtensionForSomeClass.swift in Sources */,
				7CF042B52171BECB0076D44B /* BeatRhythmTimer.swift in Sources */,
				7CFED166216F38F2009FD60B /* GlobalTimer.swift in Sources */,
				7C1B6A412175C36A00B0472C /* Env.swift in Sources */,
				7CFB8DB7216E183E006A6365 /* StaticProperties.swift in Sources */,
				7CFB8DA5216DA851006A6365 /* FrameStandard.swift in Sources */,
				7CFB8DB2216DDA0C006A6365 /* RecordViewController.swift in Sources */,
				7CFED168216F5FB9009FD60B /* AudioKitLogger.swift in Sources */,
				7CFED164216EF148009FD60B /* GlobalMusicProperties.swift in Sources */,
				7C1B6CB02179D6E900B0472C /* ChordModel.swift in Sources */,
				7CFB8D6F216DA3AC006A6365 /* ViewController.swift in Sources */,
				7C1B6A422175C36A00B0472C /* ExamplesDefaults.swift in Sources */,
				7CFB8D6D216DA3AC006A6365 /* AppDelegate.swift in Sources */,
				7CFB8DA7216DA851006A6365 /* ToolClass.swift in Sources */,
				7CFB8DA8216DA851006A6365 /* BasicKnowledge.swift in Sources */,
				7CAE74CB21703B03004395A2 /* MusicConverter.swift in Sources */,
				7CBADEBD2174CB44005B2F0D /* EquationVC.swift in Sources */,
				7CFB8DB5216E02C2006A6365 /* EditViewController.swift in Sources */,
				7C1B6A4621787AA600B0472C /* PlayerTimer.swift in Sources */,
				7CBADEBA2174C380005B2F0D /* EquationView.swift in Sources */,
				7CBADEB82174A673005B2F0D /* AboutPitchFrequenc.swift in Sources */,
			);
			runOnlyForDeploymentPostprocessing = 0;
		};
/* End PBXSourcesBuildPhase section */

/* Begin PBXVariantGroup section */
		7CFB8D70216DA3AC006A6365 /* Main.storyboard */ = {
			isa = PBXVariantGroup;
			children = (
				7CFB8D71216DA3AC006A6365 /* Base */,
			);
			name = Main.storyboard;
			sourceTree = "<group>";
		};
		7CFB8D75216DA3AD006A6365 /* LaunchScreen.storyboard */ = {
			isa = PBXVariantGroup;
			children = (
				7CFB8D76216DA3AD006A6365 /* Base */,
			);
			name = LaunchScreen.storyboard;
			sourceTree = "<group>";
		};
/* End PBXVariantGroup section */

/* Begin XCBuildConfiguration section */
		7CFB8D79216DA3AD006A6365 /* Debug */ = {
			isa = XCBuildConfiguration;
			buildSettings = {
				ALWAYS_SEARCH_USER_PATHS = NO;
				CLANG_ANALYZER_NONNULL = YES;
				CLANG_ANALYZER_NUMBER_OBJECT_CONVERSION = YES_AGGRESSIVE;
				CLANG_CXX_LANGUAGE_STANDARD = "gnu++14";
				CLANG_CXX_LIBRARY = "libc++";
				CLANG_ENABLE_MODULES = YES;
				CLANG_ENABLE_OBJC_ARC = YES;
				CLANG_ENABLE_OBJC_WEAK = YES;
				CLANG_WARN_BLOCK_CAPTURE_AUTORELEASING = YES;
				CLANG_WARN_BOOL_CONVERSION = YES;
				CLANG_WARN_COMMA = YES;
				CLANG_WARN_CONSTANT_CONVERSION = YES;
				CLANG_WARN_DEPRECATED_OBJC_IMPLEMENTATIONS = YES;
				CLANG_WARN_DIRECT_OBJC_ISA_USAGE = YES_ERROR;
				CLANG_WARN_DOCUMENTATION_COMMENTS = YES;
				CLANG_WARN_EMPTY_BODY = YES;
				CLANG_WARN_ENUM_CONVERSION = YES;
				CLANG_WARN_INFINITE_RECURSION = YES;
				CLANG_WARN_INT_CONVERSION = YES;
				CLANG_WARN_NON_LITERAL_NULL_CONVERSION = YES;
				CLANG_WARN_OBJC_IMPLICIT_RETAIN_SELF = YES;
				CLANG_WARN_OBJC_LITERAL_CONVERSION = YES;
				CLANG_WARN_OBJC_ROOT_CLASS = YES_ERROR;
				CLANG_WARN_RANGE_LOOP_ANALYSIS = YES;
				CLANG_WARN_STRICT_PROTOTYPES = YES;
				CLANG_WARN_SUSPICIOUS_MOVE = YES;
				CLANG_WARN_UNGUARDED_AVAILABILITY = YES_AGGRESSIVE;
				CLANG_WARN_UNREACHABLE_CODE = YES;
				CLANG_WARN__DUPLICATE_METHOD_MATCH = YES;
				CODE_SIGN_IDENTITY = "iPhone Developer";
				COPY_PHASE_STRIP = NO;
				DEBUG_INFORMATION_FORMAT = dwarf;
				ENABLE_STRICT_OBJC_MSGSEND = YES;
				ENABLE_TESTABILITY = YES;
				GCC_C_LANGUAGE_STANDARD = gnu11;
				GCC_DYNAMIC_NO_PIC = NO;
				GCC_NO_COMMON_BLOCKS = YES;
				GCC_OPTIMIZATION_LEVEL = 0;
				GCC_PREPROCESSOR_DEFINITIONS = (
					"DEBUG=1",
					"$(inherited)",
				);
				GCC_WARN_64_TO_32_BIT_CONVERSION = YES;
				GCC_WARN_ABOUT_RETURN_TYPE = YES_ERROR;
				GCC_WARN_UNDECLARED_SELECTOR = YES;
				GCC_WARN_UNINITIALIZED_AUTOS = YES_AGGRESSIVE;
				GCC_WARN_UNUSED_FUNCTION = YES;
				GCC_WARN_UNUSED_VARIABLE = YES;
				IPHONEOS_DEPLOYMENT_TARGET = 12.0;
				MTL_ENABLE_DEBUG_INFO = INCLUDE_SOURCE;
				MTL_FAST_MATH = YES;
				ONLY_ACTIVE_ARCH = YES;
				SDKROOT = iphoneos;
				SWIFT_ACTIVE_COMPILATION_CONDITIONS = DEBUG;
				SWIFT_OPTIMIZATION_LEVEL = "-Onone";
			};
			name = Debug;
		};
		7CFB8D7A216DA3AD006A6365 /* Release */ = {
			isa = XCBuildConfiguration;
			buildSettings = {
				ALWAYS_SEARCH_USER_PATHS = NO;
				CLANG_ANALYZER_NONNULL = YES;
				CLANG_ANALYZER_NUMBER_OBJECT_CONVERSION = YES_AGGRESSIVE;
				CLANG_CXX_LANGUAGE_STANDARD = "gnu++14";
				CLANG_CXX_LIBRARY = "libc++";
				CLANG_ENABLE_MODULES = YES;
				CLANG_ENABLE_OBJC_ARC = YES;
				CLANG_ENABLE_OBJC_WEAK = YES;
				CLANG_WARN_BLOCK_CAPTURE_AUTORELEASING = YES;
				CLANG_WARN_BOOL_CONVERSION = YES;
				CLANG_WARN_COMMA = YES;
				CLANG_WARN_CONSTANT_CONVERSION = YES;
				CLANG_WARN_DEPRECATED_OBJC_IMPLEMENTATIONS = YES;
				CLANG_WARN_DIRECT_OBJC_ISA_USAGE = YES_ERROR;
				CLANG_WARN_DOCUMENTATION_COMMENTS = YES;
				CLANG_WARN_EMPTY_BODY = YES;
				CLANG_WARN_ENUM_CONVERSION = YES;
				CLANG_WARN_INFINITE_RECURSION = YES;
				CLANG_WARN_INT_CONVERSION = YES;
				CLANG_WARN_NON_LITERAL_NULL_CONVERSION = YES;
				CLANG_WARN_OBJC_IMPLICIT_RETAIN_SELF = YES;
				CLANG_WARN_OBJC_LITERAL_CONVERSION = YES;
				CLANG_WARN_OBJC_ROOT_CLASS = YES_ERROR;
				CLANG_WARN_RANGE_LOOP_ANALYSIS = YES;
				CLANG_WARN_STRICT_PROTOTYPES = YES;
				CLANG_WARN_SUSPICIOUS_MOVE = YES;
				CLANG_WARN_UNGUARDED_AVAILABILITY = YES_AGGRESSIVE;
				CLANG_WARN_UNREACHABLE_CODE = YES;
				CLANG_WARN__DUPLICATE_METHOD_MATCH = YES;
				CODE_SIGN_IDENTITY = "iPhone Developer";
				COPY_PHASE_STRIP = NO;
				DEBUG_INFORMATION_FORMAT = "dwarf-with-dsym";
				ENABLE_NS_ASSERTIONS = NO;
				ENABLE_STRICT_OBJC_MSGSEND = YES;
				GCC_C_LANGUAGE_STANDARD = gnu11;
				GCC_NO_COMMON_BLOCKS = YES;
				GCC_WARN_64_TO_32_BIT_CONVERSION = YES;
				GCC_WARN_ABOUT_RETURN_TYPE = YES_ERROR;
				GCC_WARN_UNDECLARED_SELECTOR = YES;
				GCC_WARN_UNINITIALIZED_AUTOS = YES_AGGRESSIVE;
				GCC_WARN_UNUSED_FUNCTION = YES;
				GCC_WARN_UNUSED_VARIABLE = YES;
				IPHONEOS_DEPLOYMENT_TARGET = 12.0;
				MTL_ENABLE_DEBUG_INFO = NO;
				MTL_FAST_MATH = YES;
				SDKROOT = iphoneos;
				SWIFT_COMPILATION_MODE = wholemodule;
				SWIFT_OPTIMIZATION_LEVEL = "-O";
				VALIDATE_PRODUCT = YES;
			};
			name = Release;
		};
		7CFB8D7C216DA3AD006A6365 /* Debug */ = {
			isa = XCBuildConfiguration;
			baseConfigurationReference = 9237D5DCC208E83F9A3EAB3F /* Pods-SoundsFilter.debug.xcconfig */;
			buildSettings = {
				ASSETCATALOG_COMPILER_APPICON_NAME = AppIcon;
				CLANG_ENABLE_MODULES = YES;
				CODE_SIGN_STYLE = Automatic;
				DEVELOPMENT_TEAM = L9ZC5Q2DDV;
				INFOPLIST_FILE = SoundsFilter/Info.plist;
				IPHONEOS_DEPLOYMENT_TARGET = 11.0;
				LD_RUNPATH_SEARCH_PATHS = (
					"$(inherited)",
					"@executable_path/Frameworks",
				);
				PRODUCT_BUNDLE_IDENTIFIER = com.Young.SoundsFilter;
				PRODUCT_NAME = "$(TARGET_NAME)";
				SWIFT_OBJC_BRIDGING_HEADER = "SoundsFilter/SoundsFilter-Bridging-Header.h";
				SWIFT_OPTIMIZATION_LEVEL = "-Onone";
				SWIFT_VERSION = 4.2;
				TARGETED_DEVICE_FAMILY = 1;
			};
			name = Debug;
		};
		7CFB8D7D216DA3AD006A6365 /* Release */ = {
			isa = XCBuildConfiguration;
			baseConfigurationReference = A5D200754E34FFAC3001F70A /* Pods-SoundsFilter.release.xcconfig */;
			buildSettings = {
				ASSETCATALOG_COMPILER_APPICON_NAME = AppIcon;
				CLANG_ENABLE_MODULES = YES;
				CODE_SIGN_STYLE = Automatic;
				DEVELOPMENT_TEAM = L9ZC5Q2DDV;
				INFOPLIST_FILE = SoundsFilter/Info.plist;
				IPHONEOS_DEPLOYMENT_TARGET = 11.0;
				LD_RUNPATH_SEARCH_PATHS = (
					"$(inherited)",
					"@executable_path/Frameworks",
				);
				PRODUCT_BUNDLE_IDENTIFIER = com.Young.SoundsFilter;
				PRODUCT_NAME = "$(TARGET_NAME)";
				SWIFT_OBJC_BRIDGING_HEADER = "SoundsFilter/SoundsFilter-Bridging-Header.h";
				SWIFT_VERSION = 4.2;
				TARGETED_DEVICE_FAMILY = 1;
			};
			name = Release;
		};
/* End XCBuildConfiguration section */

/* Begin XCConfigurationList section */
		7CFB8D64216DA3AC006A6365 /* Build configuration list for PBXProject "SoundsFilter" */ = {
			isa = XCConfigurationList;
			buildConfigurations = (
				7CFB8D79216DA3AD006A6365 /* Debug */,
				7CFB8D7A216DA3AD006A6365 /* Release */,
			);
			defaultConfigurationIsVisible = 0;
			defaultConfigurationName = Release;
		};
		7CFB8D7B216DA3AD006A6365 /* Build configuration list for PBXNativeTarget "SoundsFilter" */ = {
			isa = XCConfigurationList;
			buildConfigurations = (
				7CFB8D7C216DA3AD006A6365 /* Debug */,
				7CFB8D7D216DA3AD006A6365 /* Release */,
			);
			defaultConfigurationIsVisible = 0;
			defaultConfigurationName = Release;
		};
/* End XCConfigurationList section */
	};
	rootObject = 7CFB8D61216DA3AC006A6365 /* Project object */;
}
